{
  "requires": true,
  "lockfileVersion": 1,
  "dependencies": {
    "foundation-sites": {
      "version": "6.5.1",
      "resolved": "https://registry.npmjs.org/foundation-sites/-/foundation-sites-6.5.1.tgz",
      "integrity": "sha512-Z+FiBvogwIDjRlefJ5pYkVcmsGx3pbndRJ80+OvPvI9UwfKCif6YtOyTxpCjUoS3XBlOms5vYonfnasp2V2wZw=="
    }
  }
}
